
Microsoft Visual Studio Solution File, Format Version 12.00
# Visual Studio Version 16
VisualStudioVersion = 16.0.30503.244
MinimumVisualStudioVersion = 10.0.40219.1
Project("{FAE04EC0-301F-11D3-BF4B-00C04F79EFBC}") = "AuthenticateService", "AuthenticateService.csproj", "{ABBE07C4-076A-4A4A-9B66-84B2A18CA0B1}"
EndProject
Global
	GlobalSection(SolutionConfigurationPlatforms) = preSolution
		Debug|Any CPU = Debug|Any CPU
		Release|Any CPU = Release|Any CPU
	EndGlobalSection
	GlobalSection(ProjectConfigurationPlatforms) = postSolution
		{ABBE07C4-076A-4A4A-9B66-84B2A18CA0B1}.Debug|Any CPU.ActiveCfg = Debug|Any CPU
		{ABBE07C4-076A-4A4A-9B66-84B2A18CA0B1}.Debug|Any CPU.Build.0 = Debug|Any CPU
		{ABBE07C4-076A-4A4A-9B66-84B2A18CA0B1}.Release|Any CPU.ActiveCfg = Release|Any CPU
		{ABBE07C4-076A-4A4A-9B66-84B2A18CA0B1}.Release|Any CPU.Build.0 = Release|Any CPU
	EndGlobalSection
	GlobalSection(SolutionProperties) = preSolution
		HideSolutionNode = FALSE
	EndGlobalSection
	GlobalSection(ExtensibilityGlobals) = postSolution
		SolutionGuid = {153F4344-017F-4656-BB22-0ED13501CD18}
	EndGlobalSection
EndGlobal
